
Microsoft Visual Studio Solution File, Format Version 12.00
# Visual Studio Version 17
VisualStudioVersion = 17.0.31903.59
MinimumVisualStudioVersion = 10.0.40219.1
Project("{FAE04EC0-301F-11D3-BF4B-00C04F79EFBC}") = "ArrayManual", "ArrayManual.csproj", "{9354CD70-800F-44B0-9F83-988AE9120C7A}"
EndProject
Global
	GlobalSection(SolutionConfigurationPlatforms) = preSolution
		Debug|Any CPU = Debug|Any CPU
		Release|Any CPU = Release|Any CPU
	EndGlobalSection
	GlobalSection(ProjectConfigurationPlatforms) = postSolution
		{9354CD70-800F-44B0-9F83-988AE9120C7A}.Debug|Any CPU.ActiveCfg = Debug|Any CPU
		{9354CD70-800F-44B0-9F83-988AE9120C7A}.Debug|Any CPU.Build.0 = Debug|Any CPU
		{9354CD70-800F-44B0-9F83-988AE9120C7A}.Release|Any CPU.ActiveCfg = Release|Any CPU
		{9354CD70-800F-44B0-9F83-988AE9120C7A}.Release|Any CPU.Build.0 = Release|Any CPU
	EndGlobalSection
	GlobalSection(SolutionProperties) = preSolution
		HideSolutionNode = FALSE
	EndGlobalSection
	GlobalSection(ExtensibilityGlobals) = postSolution
		SolutionGuid = {01452208-157B-4E56-976B-BAE01F19CC39}
	EndGlobalSection
EndGlobal
